{"name":"metacampus-x402-verify","version":"0.1.0","lockfileVersion":3,"requires":true,"packages":{"":{"name":"metacampus-x402-verify","version":"0.1.0","dependencies":{"@x402/avm":"^2.28.0","@x402/core":"^2.28.0","@x402/express":"^2.28.0","@x402/extensions":"^2.28.0","dotenv":"^16.4.7","express":"^4.21.2"},"devDependencies":{"@types/express":"^4.17.21","@types/node":"^22.13.10","tsx":"^4.19.3","typescript":"^5.8.2"}}}}